
Microsoft Visual Studio Solution File, Format Version 12.00
# Visual Studio Version 16
VisualStudioVersion = 16.0.31205.134
MinimumVisualStudioVersion = 10.0.40219.1
Project("{8BC9CEB8-8B4A-11D0-8D11-00A0C91BC942}") = "Project1", "Project1.vcxproj", "{60F77C49-8AE4-4865-8FCE-A180BA9682EA}"
EndProject
Global
	GlobalSection(SolutionConfigurationPlatforms) = preSolution
		Debug|x64 = Debug|x64
		Debug|x86 = Debug|x86
		Release|x64 = Release|x64
		Release|x86 = Release|x86
	EndGlobalSection
	GlobalSection(ProjectConfigurationPlatforms) = postSolution
		{60F77C49-8AE4-4865-8FCE-A180BA9682EA}.Debug|x64.ActiveCfg = Debug|x64
		{60F77C49-8AE4-4865-8FCE-A180BA9682EA}.Debug|x64.Build.0 = Debug|x64
		{60F77C49-8AE4-4865-8FCE-A180BA9682EA}.Debug|x86.ActiveCfg = Debug|Win32
		{60F77C49-8AE4-4865-8FCE-A180BA9682EA}.Debug|x86.Build.0 = Debug|Win32
		{60F77C49-8AE4-4865-8FCE-A180BA9682EA}.Release|x64.ActiveCfg = Release|x64
		{60F77C49-8AE4-4865-8FCE-A180BA9682EA}.Release|x64.Build.0 = Release|x64
		{60F77C49-8AE4-4865-8FCE-A180BA9682EA}.Release|x86.ActiveCfg = Release|Win32
		{60F77C49-8AE4-4865-8FCE-A180BA9682EA}.Release|x86.Build.0 = Release|Win32
	EndGlobalSection
	GlobalSection(SolutionProperties) = preSolution
		HideSolutionNode = FALSE
	EndGlobalSection
	GlobalSection(ExtensibilityGlobals) = postSolution
		SolutionGuid = {AF423423-C0FB-4FA2-BCC7-BBA0D0E88E7F}
	EndGlobalSection
EndGlobal
